
Microsoft Visual Studio Solution File, Format Version 12.00
# Visual Studio 2015
Project("{FAE04EC0-301F-11D3-BF4B-00C04F79EFBC}") = "Kim_Andy_Lab3.CSharp", "Kim_Andy_Lab3.CSharp.csproj", "{E497A328-900A-D089-0F80-71D1797CD960}"
EndProject
Global
	GlobalSection(SolutionConfigurationPlatforms) = preSolution
		Debug|Any CPU = Debug|Any CPU
		Release|Any CPU = Release|Any CPU
	EndGlobalSection
	GlobalSection(ProjectConfigurationPlatforms) = postSolution
		{E497A328-900A-D089-0F80-71D1797CD960}.Debug|Any CPU.ActiveCfg = Debug|Any CPU
		{E497A328-900A-D089-0F80-71D1797CD960}.Debug|Any CPU.Build.0 = Debug|Any CPU
		{E497A328-900A-D089-0F80-71D1797CD960}.Release|Any CPU.ActiveCfg = Release|Any CPU
		{E497A328-900A-D089-0F80-71D1797CD960}.Release|Any CPU.Build.0 = Release|Any CPU
	EndGlobalSection
	GlobalSection(SolutionProperties) = preSolution
		HideSolutionNode = FALSE
	EndGlobalSection
EndGlobal
